
Microsoft Visual Studio Solution File, Format Version 12.00
# Visual Studio 15
VisualStudioVersion = 15.0.28010.2046
MinimumVisualStudioVersion = 10.0.40219.1
Project("{FAE04EC0-301F-11D3-BF4B-00C04F79EFBC}") = "RpiStats", "RpiStats\RpiStats.csproj", "{49261B65-2A66-4F72-B44E-D1E756EDC0E6}"
EndProject
Global
	GlobalSection(SolutionConfigurationPlatforms) = preSolution
		Debug|Any CPU = Debug|Any CPU
		Release|Any CPU = Release|Any CPU
	EndGlobalSection
	GlobalSection(ProjectConfigurationPlatforms) = postSolution
		{49261B65-2A66-4F72-B44E-D1E756EDC0E6}.Debug|Any CPU.ActiveCfg = Debug|Any CPU
		{49261B65-2A66-4F72-B44E-D1E756EDC0E6}.Debug|Any CPU.Build.0 = Debug|Any CPU
		{49261B65-2A66-4F72-B44E-D1E756EDC0E6}.Release|Any CPU.ActiveCfg = Release|Any CPU
		{49261B65-2A66-4F72-B44E-D1E756EDC0E6}.Release|Any CPU.Build.0 = Release|Any CPU
	EndGlobalSection
	GlobalSection(SolutionProperties) = preSolution
		HideSolutionNode = FALSE
	EndGlobalSection
	GlobalSection(ExtensibilityGlobals) = postSolution
		SolutionGuid = {80038990-7A8D-4FB4-9B3B-96C76D02A274}
	EndGlobalSection
EndGlobal
